
Microsoft Visual Studio Solution File, Format Version 12.00
# Visual Studio 15
VisualStudioVersion = 15.0.28307.136
MinimumVisualStudioVersion = 10.0.40219.1
Project("{FAE04EC0-301F-11D3-BF4B-00C04F79EFBC}") = "K5-v.2", "K5-v.2\K5-v.2.csproj", "{3BA9C150-F866-4CAA-9BEC-F2287B99F3BE}"
EndProject
Global
	GlobalSection(SolutionConfigurationPlatforms) = preSolution
		Debug|Any CPU = Debug|Any CPU
		Release|Any CPU = Release|Any CPU
	EndGlobalSection
	GlobalSection(ProjectConfigurationPlatforms) = postSolution
		{3BA9C150-F866-4CAA-9BEC-F2287B99F3BE}.Debug|Any CPU.ActiveCfg = Debug|Any CPU
		{3BA9C150-F866-4CAA-9BEC-F2287B99F3BE}.Debug|Any CPU.Build.0 = Debug|Any CPU
		{3BA9C150-F866-4CAA-9BEC-F2287B99F3BE}.Release|Any CPU.ActiveCfg = Release|Any CPU
		{3BA9C150-F866-4CAA-9BEC-F2287B99F3BE}.Release|Any CPU.Build.0 = Release|Any CPU
	EndGlobalSection
	GlobalSection(SolutionProperties) = preSolution
		HideSolutionNode = FALSE
	EndGlobalSection
	GlobalSection(ExtensibilityGlobals) = postSolution
		SolutionGuid = {984F755A-6615-4487-85DF-0CE427DF5534}
	EndGlobalSection
EndGlobal
